
Microsoft Visual Studio Solution File, Format Version 12.00
# Visual Studio Version 17
VisualStudioVersion = 17.7.34003.232
MinimumVisualStudioVersion = 10.0.40219.1
Project("{9A19103F-16F7-4668-BE54-9A1E7A4F7556}") = "MVCGoogleAuth", "MVCGoogleAuth\MVCGoogleAuth.csproj", "{8DA357B3-4C42-4AFA-B700-9BB885447798}"
EndProject
Global
	GlobalSection(SolutionConfigurationPlatforms) = preSolution
		Debug|Any CPU = Debug|Any CPU
		Release|Any CPU = Release|Any CPU
	EndGlobalSection
	GlobalSection(ProjectConfigurationPlatforms) = postSolution
		{8DA357B3-4C42-4AFA-B700-9BB885447798}.Debug|Any CPU.ActiveCfg = Debug|Any CPU
		{8DA357B3-4C42-4AFA-B700-9BB885447798}.Debug|Any CPU.Build.0 = Debug|Any CPU
		{8DA357B3-4C42-4AFA-B700-9BB885447798}.Release|Any CPU.ActiveCfg = Release|Any CPU
		{8DA357B3-4C42-4AFA-B700-9BB885447798}.Release|Any CPU.Build.0 = Release|Any CPU
	EndGlobalSection
	GlobalSection(SolutionProperties) = preSolution
		HideSolutionNode = FALSE
	EndGlobalSection
	GlobalSection(ExtensibilityGlobals) = postSolution
		SolutionGuid = {32B56236-87A2-4126-B539-F322E479B115}
	EndGlobalSection
EndGlobal
